schema: '2.0'
stages:
  get_data:
    cmd: python pipelines/get-data.py
    deps:
    - path: pipelines/get-data.py
      hash: md5
      md5: 1b4d2bddd64847d34336d7a5eac2fd4c
      size: 3883
    outs:
    - path: data/constituencies.csv
      hash: md5
      md5: 22f04babcc6a0a9bf27f7d8039811e0d
      size: 2791227
  rank:
    cmd: python pipelines/rank.py
    deps:
    - path: data/constituencies.csv
      hash: md5
      md5: 22f04babcc6a0a9bf27f7d8039811e0d
      size: 2791227
    - path: pipelines/rank.py
      hash: md5
      md5: 25a2817918602aec3a59fbd84a5d13a7
      size: 1337
    outs:
    - path: src/_data/ranked_constituencies.json
      hash: md5
      md5: 336136716a695eb4dcc247918e3adf4e
      size: 3079918
