schema: '2.0'
stages:
  get_data:
    cmd: python pipelines/get-data.py
    deps:
    - path: pipelines/get-data.py
      hash: md5
      md5: 1b4d2bddd64847d34336d7a5eac2fd4c
      size: 3883
    outs:
    - path: data/constituencies.csv
      hash: md5
      md5: 4e469880787c4cb287f310503dd1ea76
      size: 2764485
  rank:
    cmd: python pipelines/rank.py
    deps:
    - path: data/constituencies.csv
      hash: md5
      md5: 4e469880787c4cb287f310503dd1ea76
      size: 2764485
    - path: pipelines/rank.py
      hash: md5
      md5: 25a2817918602aec3a59fbd84a5d13a7
      size: 1337
    outs:
    - path: src/_data/ranked_constituencies.json
      hash: md5
      md5: 03e5945398316d357fa69a5545afdc1b
      size: 3070480
